
Microsoft Visual Studio Solution File, Format Version 12.00
# Visual Studio Version 16
VisualStudioVersion = 16.0.29806.167
MinimumVisualStudioVersion = 10.0.40219.1
Project("{FAE04EC0-301F-11D3-BF4B-00C04F79EFBC}") = "lab1b", "lab1b\lab1b.csproj", "{120189BA-5E60-4D43-BDA0-11D6E5971B34}"
EndProject
Global
	GlobalSection(SolutionConfigurationPlatforms) = preSolution
		Debug|Any CPU = Debug|Any CPU
		Release|Any CPU = Release|Any CPU
	EndGlobalSection
	GlobalSection(ProjectConfigurationPlatforms) = postSolution
		{120189BA-5E60-4D43-BDA0-11D6E5971B34}.Debug|Any CPU.ActiveCfg = Debug|Any CPU
		{120189BA-5E60-4D43-BDA0-11D6E5971B34}.Debug|Any CPU.Build.0 = Debug|Any CPU
		{120189BA-5E60-4D43-BDA0-11D6E5971B34}.Release|Any CPU.ActiveCfg = Release|Any CPU
		{120189BA-5E60-4D43-BDA0-11D6E5971B34}.Release|Any CPU.Build.0 = Release|Any CPU
	EndGlobalSection
	GlobalSection(SolutionProperties) = preSolution
		HideSolutionNode = FALSE
	EndGlobalSection
	GlobalSection(ExtensibilityGlobals) = postSolution
		SolutionGuid = {F898BCF5-6512-4385-9D03-A314F28DF72F}
	EndGlobalSection
EndGlobal
