
Microsoft Visual Studio Solution File, Format Version 12.00
# Visual Studio Version 16
VisualStudioVersion = 16.0.29905.134
MinimumVisualStudioVersion = 10.0.40219.1
Project("{FAE04EC0-301F-11D3-BF4B-00C04F79EFBC}") = "lab_3", "lab03\lab_3.csproj", "{8F10A1DB-BA69-4812-A251-6B041E8C6666}"
EndProject
Project("{FAE04EC0-301F-11D3-BF4B-00C04F79EFBC}") = "PhoneDictionary", "PhoneDictionary\PhoneDictionary.csproj", "{D09ED255-B1C5-4F1E-9ED8-D2A048094DCD}"
EndProject
Global
	GlobalSection(SolutionConfigurationPlatforms) = preSolution
		Debug|Any CPU = Debug|Any CPU
		Release|Any CPU = Release|Any CPU
	EndGlobalSection
	GlobalSection(ProjectConfigurationPlatforms) = postSolution
		{8F10A1DB-BA69-4812-A251-6B041E8C6666}.Debug|Any CPU.ActiveCfg = Debug|Any CPU
		{8F10A1DB-BA69-4812-A251-6B041E8C6666}.Debug|Any CPU.Build.0 = Debug|Any CPU
		{8F10A1DB-BA69-4812-A251-6B041E8C6666}.Release|Any CPU.ActiveCfg = Release|Any CPU
		{8F10A1DB-BA69-4812-A251-6B041E8C6666}.Release|Any CPU.Build.0 = Release|Any CPU
		{D09ED255-B1C5-4F1E-9ED8-D2A048094DCD}.Debug|Any CPU.ActiveCfg = Debug|Any CPU
		{D09ED255-B1C5-4F1E-9ED8-D2A048094DCD}.Debug|Any CPU.Build.0 = Debug|Any CPU
		{D09ED255-B1C5-4F1E-9ED8-D2A048094DCD}.Release|Any CPU.ActiveCfg = Release|Any CPU
		{D09ED255-B1C5-4F1E-9ED8-D2A048094DCD}.Release|Any CPU.Build.0 = Release|Any CPU
	EndGlobalSection
	GlobalSection(SolutionProperties) = preSolution
		HideSolutionNode = FALSE
	EndGlobalSection
	GlobalSection(ExtensibilityGlobals) = postSolution
		SolutionGuid = {03FAC20B-5628-4A50-A5DD-22AE483E657D}
	EndGlobalSection
EndGlobal
